
Microsoft Visual Studio Solution File, Format Version 12.00
# Visual Studio Version 16
VisualStudioVersion = 16.0.29926.136
MinimumVisualStudioVersion = 10.0.40219.1
Project("{FAE04EC0-301F-11D3-BF4B-00C04F79EFBC}") = "Interview_questions", "Interview_questions\Interview_questions.csproj", "{907DE19D-80A4-4672-ADEA-A9F2C67D127E}"
EndProject
Project("{FAE04EC0-301F-11D3-BF4B-00C04F79EFBC}") = "InterviewBLL", "Interview\InterviewBLL.csproj", "{F93D0E16-2516-4160-9E8F-336C605A51FB}"
EndProject
Project("{FAE04EC0-301F-11D3-BF4B-00C04F79EFBC}") = "InterviewModel", "InterviewDLL\InterviewModel.csproj", "{3D083E0C-8180-4252-9E9D-C1CED2B686CE}"
EndProject
Project("{FAE04EC0-301F-11D3-BF4B-00C04F79EFBC}") = "InterviewDAL", "InterviewDAL\InterviewDAL.csproj", "{5A8EB89A-33B7-4CC6-BA26-CB3C29EF63AE}"
EndProject
Global
	GlobalSection(SolutionConfigurationPlatforms) = preSolution
		Debug|Any CPU = Debug|Any CPU
		Release|Any CPU = Release|Any CPU
	EndGlobalSection
	GlobalSection(ProjectConfigurationPlatforms) = postSolution
		{907DE19D-80A4-4672-ADEA-A9F2C67D127E}.Debug|Any CPU.ActiveCfg = Debug|Any CPU
		{907DE19D-80A4-4672-ADEA-A9F2C67D127E}.Debug|Any CPU.Build.0 = Debug|Any CPU
		{907DE19D-80A4-4672-ADEA-A9F2C67D127E}.Release|Any CPU.ActiveCfg = Release|Any CPU
		{907DE19D-80A4-4672-ADEA-A9F2C67D127E}.Release|Any CPU.Build.0 = Release|Any CPU
		{F93D0E16-2516-4160-9E8F-336C605A51FB}.Debug|Any CPU.ActiveCfg = Debug|Any CPU
		{F93D0E16-2516-4160-9E8F-336C605A51FB}.Debug|Any CPU.Build.0 = Debug|Any CPU
		{F93D0E16-2516-4160-9E8F-336C605A51FB}.Release|Any CPU.ActiveCfg = Release|Any CPU
		{F93D0E16-2516-4160-9E8F-336C605A51FB}.Release|Any CPU.Build.0 = Release|Any CPU
		{3D083E0C-8180-4252-9E9D-C1CED2B686CE}.Debug|Any CPU.ActiveCfg = Debug|Any CPU
		{3D083E0C-8180-4252-9E9D-C1CED2B686CE}.Debug|Any CPU.Build.0 = Debug|Any CPU
		{3D083E0C-8180-4252-9E9D-C1CED2B686CE}.Release|Any CPU.ActiveCfg = Release|Any CPU
		{3D083E0C-8180-4252-9E9D-C1CED2B686CE}.Release|Any CPU.Build.0 = Release|Any CPU
		{5A8EB89A-33B7-4CC6-BA26-CB3C29EF63AE}.Debug|Any CPU.ActiveCfg = Debug|Any CPU
		{5A8EB89A-33B7-4CC6-BA26-CB3C29EF63AE}.Debug|Any CPU.Build.0 = Debug|Any CPU
		{5A8EB89A-33B7-4CC6-BA26-CB3C29EF63AE}.Release|Any CPU.ActiveCfg = Release|Any CPU
		{5A8EB89A-33B7-4CC6-BA26-CB3C29EF63AE}.Release|Any CPU.Build.0 = Release|Any CPU
	EndGlobalSection
	GlobalSection(SolutionProperties) = preSolution
		HideSolutionNode = FALSE
	EndGlobalSection
	GlobalSection(ExtensibilityGlobals) = postSolution
		SolutionGuid = {5EC4691F-6082-4629-882D-0E6F3F79B9C6}
	EndGlobalSection
EndGlobal
